
Microsoft Visual Studio Solution File, Format Version 12.00
# Visual Studio Version 17
VisualStudioVersion = 17.3.32819.101
MinimumVisualStudioVersion = 10.0.40219.1
Project("{888888A0-9F3D-457C-B088-3A5042F75D52}") = "Banco", "Banco.pyproj", "{A3410DF9-A08E-4595-AE67-7EA6F981A846}"
EndProject
Global
	GlobalSection(SolutionConfigurationPlatforms) = preSolution
		Debug|Any CPU = Debug|Any CPU
		Release|Any CPU = Release|Any CPU
	EndGlobalSection
	GlobalSection(ProjectConfigurationPlatforms) = postSolution
		{A3410DF9-A08E-4595-AE67-7EA6F981A846}.Debug|Any CPU.ActiveCfg = Debug|Any CPU
		{A3410DF9-A08E-4595-AE67-7EA6F981A846}.Release|Any CPU.ActiveCfg = Release|Any CPU
	EndGlobalSection
	GlobalSection(SolutionProperties) = preSolution
		HideSolutionNode = FALSE
	EndGlobalSection
	GlobalSection(ExtensibilityGlobals) = postSolution
		SolutionGuid = {802CC1ED-E181-4587-9B0D-22AE6F2D022C}
	EndGlobalSection
EndGlobal
